# This file is automatically @generated by Cargo.
# It is not intended for manual editing.
version = 3

[[package]]
name = "example_sim"
version = "0.1.0"
dependencies = [
 "rustsim",
]

[[package]]
name = "rustsim"
version = "0.1.0"
source = "git+https://github.com/PatatasDelPapa/RustSim.git?branch=main#27b54c325536fa95ef1138c5d1c2ceadb4315236"
